
Microsoft Visual Studio Solution File, Format Version 12.00
# Visual Studio Version 16
VisualStudioVersion = 16.0.30709.132
MinimumVisualStudioVersion = 10.0.40219.1
Project("{8BC9CEB8-8B4A-11D0-8D11-00A0C91BC942}") = "task1", "task1\task1.vcxproj", "{D701656E-0B1E-4B6E-B66B-F3E76A0663CE}"
EndProject
Project("{8BC9CEB8-8B4A-11D0-8D11-00A0C91BC942}") = "task2", "task2\task2.vcxproj", "{9D6963D3-6676-4550-ACCD-DB82E9B499E3}"
EndProject
Project("{8BC9CEB8-8B4A-11D0-8D11-00A0C91BC942}") = "task3", "task3\task3.vcxproj", "{620D4841-F53D-42BB-B2DD-D085C6529736}"
EndProject
Project("{8BC9CEB8-8B4A-11D0-8D11-00A0C91BC942}") = "task4", "task4\task4.vcxproj", "{0F4DAF15-A2AB-4524-ADCF-E87383F9916E}"
EndProject
Project("{8BC9CEB8-8B4A-11D0-8D11-00A0C91BC942}") = "task5", "task5\task5.vcxproj", "{9C003D9C-8706-44F9-9687-E1785F2A2A7F}"
EndProject
Project("{8BC9CEB8-8B4A-11D0-8D11-00A0C91BC942}") = "task6", "task6\task6.vcxproj", "{C6621CB9-E9BF-44BD-8AA5-BB9D119F8D43}"
EndProject
Global
	GlobalSection(SolutionConfigurationPlatforms) = preSolution
		Debug|x64 = Debug|x64
		Debug|x86 = Debug|x86
		Release|x64 = Release|x64
		Release|x86 = Release|x86
	EndGlobalSection
	GlobalSection(ProjectConfigurationPlatforms) = postSolution
		{D701656E-0B1E-4B6E-B66B-F3E76A0663CE}.Debug|x64.ActiveCfg = Debug|x64
		{D701656E-0B1E-4B6E-B66B-F3E76A0663CE}.Debug|x64.Build.0 = Debug|x64
		{D701656E-0B1E-4B6E-B66B-F3E76A0663CE}.Debug|x86.ActiveCfg = Debug|Win32
		{D701656E-0B1E-4B6E-B66B-F3E76A0663CE}.Debug|x86.Build.0 = Debug|Win32
		{D701656E-0B1E-4B6E-B66B-F3E76A0663CE}.Release|x64.ActiveCfg = Release|x64
		{D701656E-0B1E-4B6E-B66B-F3E76A0663CE}.Release|x64.Build.0 = Release|x64
		{D701656E-0B1E-4B6E-B66B-F3E76A0663CE}.Release|x86.ActiveCfg = Release|Win32
		{D701656E-0B1E-4B6E-B66B-F3E76A0663CE}.Release|x86.Build.0 = Release|Win32
		{9D6963D3-6676-4550-ACCD-DB82E9B499E3}.Debug|x64.ActiveCfg = Debug|x64
		{9D6963D3-6676-4550-ACCD-DB82E9B499E3}.Debug|x64.Build.0 = Debug|x64
		{9D6963D3-6676-4550-ACCD-DB82E9B499E3}.Debug|x86.ActiveCfg = Debug|Win32
		{9D6963D3-6676-4550-ACCD-DB82E9B499E3}.Debug|x86.Build.0 = Debug|Win32
		{9D6963D3-6676-4550-ACCD-DB82E9B499E3}.Release|x64.ActiveCfg = Release|x64
		{9D6963D3-6676-4550-ACCD-DB82E9B499E3}.Release|x64.Build.0 = Release|x64
		{9D6963D3-6676-4550-ACCD-DB82E9B499E3}.Release|x86.ActiveCfg = Release|Win32
		{9D6963D3-6676-4550-ACCD-DB82E9B499E3}.Release|x86.Build.0 = Release|Win32
		{620D4841-F53D-42BB-B2DD-D085C6529736}.Debug|x64.ActiveCfg = Debug|x64
		{620D4841-F53D-42BB-B2DD-D085C6529736}.Debug|x64.Build.0 = Debug|x64
		{620D4841-F53D-42BB-B2DD-D085C6529736}.Debug|x86.ActiveCfg = Debug|Win32
		{620D4841-F53D-42BB-B2DD-D085C6529736}.Debug|x86.Build.0 = Debug|Win32
		{620D4841-F53D-42BB-B2DD-D085C6529736}.Release|x64.ActiveCfg = Release|x64
		{620D4841-F53D-42BB-B2DD-D085C6529736}.Release|x64.Build.0 = Release|x64
		{620D4841-F53D-42BB-B2DD-D085C6529736}.Release|x86.ActiveCfg = Release|Win32
		{620D4841-F53D-42BB-B2DD-D085C6529736}.Release|x86.Build.0 = Release|Win32
		{0F4DAF15-A2AB-4524-ADCF-E87383F9916E}.Debug|x64.ActiveCfg = Debug|x64
		{0F4DAF15-A2AB-4524-ADCF-E87383F9916E}.Debug|x64.Build.0 = Debug|x64
		{0F4DAF15-A2AB-4524-ADCF-E87383F9916E}.Debug|x86.ActiveCfg = Debug|Win32
		{0F4DAF15-A2AB-4524-ADCF-E87383F9916E}.Debug|x86.Build.0 = Debug|Win32
		{0F4DAF15-A2AB-4524-ADCF-E87383F9916E}.Release|x64.ActiveCfg = Release|x64
		{0F4DAF15-A2AB-4524-ADCF-E87383F9916E}.Release|x64.Build.0 = Release|x64
		{0F4DAF15-A2AB-4524-ADCF-E87383F9916E}.Release|x86.ActiveCfg = Release|Win32
		{0F4DAF15-A2AB-4524-ADCF-E87383F9916E}.Release|x86.Build.0 = Release|Win32
		{9C003D9C-8706-44F9-9687-E1785F2A2A7F}.Debug|x64.ActiveCfg = Debug|x64
		{9C003D9C-8706-44F9-9687-E1785F2A2A7F}.Debug|x64.Build.0 = Debug|x64
		{9C003D9C-8706-44F9-9687-E1785F2A2A7F}.Debug|x86.ActiveCfg = Debug|Win32
		{9C003D9C-8706-44F9-9687-E1785F2A2A7F}.Debug|x86.Build.0 = Debug|Win32
		{9C003D9C-8706-44F9-9687-E1785F2A2A7F}.Release|x64.ActiveCfg = Release|x64
		{9C003D9C-8706-44F9-9687-E1785F2A2A7F}.Release|x64.Build.0 = Release|x64
		{9C003D9C-8706-44F9-9687-E1785F2A2A7F}.Release|x86.ActiveCfg = Release|Win32
		{9C003D9C-8706-44F9-9687-E1785F2A2A7F}.Release|x86.Build.0 = Release|Win32
		{C6621CB9-E9BF-44BD-8AA5-BB9D119F8D43}.Debug|x64.ActiveCfg = Debug|x64
		{C6621CB9-E9BF-44BD-8AA5-BB9D119F8D43}.Debug|x64.Build.0 = Debug|x64
		{C6621CB9-E9BF-44BD-8AA5-BB9D119F8D43}.Debug|x86.ActiveCfg = Debug|Win32
		{C6621CB9-E9BF-44BD-8AA5-BB9D119F8D43}.Debug|x86.Build.0 = Debug|Win32
		{C6621CB9-E9BF-44BD-8AA5-BB9D119F8D43}.Release|x64.ActiveCfg = Release|x64
		{C6621CB9-E9BF-44BD-8AA5-BB9D119F8D43}.Release|x64.Build.0 = Release|x64
		{C6621CB9-E9BF-44BD-8AA5-BB9D119F8D43}.Release|x86.ActiveCfg = Release|Win32
		{C6621CB9-E9BF-44BD-8AA5-BB9D119F8D43}.Release|x86.Build.0 = Release|Win32
	EndGlobalSection
	GlobalSection(SolutionProperties) = preSolution
		HideSolutionNode = FALSE
	EndGlobalSection
	GlobalSection(ExtensibilityGlobals) = postSolution
		SolutionGuid = {EC62A770-4365-4866-B7C2-1FA021E1542B}
	EndGlobalSection
EndGlobal
